// !$*UTF8*$!
{
	archiveVersion = 1;
	classes = {
	};
	objectVersion = 56;
	objects = {

/* Begin PBXBuildFile section */
		442DE18F28DE131F00E69707 /* AppDelegate.swift in Sources */ = {isa = PBXBuildFile; fileRef = 442DE18E28DE131F00E69707 /* AppDelegate.swift */; };
		442DE19128DE131F00E69707 /* SceneDelegate.swift in Sources */ = {isa = PBXBuildFile; fileRef = 442DE19028DE131F00E69707 /* SceneDelegate.swift */; };
		442DE19328DE131F00E69707 /* ViewController.swift in Sources */ = {isa = PBXBuildFile; fileRef = 442DE19228DE131F00E69707 /* ViewController.swift */; };
		442DE19628DE131F00E69707 /* Main.storyboard in Resources */ = {isa = PBXBuildFile; fileRef = 442DE19428DE131F00E69707 /* Main.storyboard */; };
		442DE19828DE132400E69707 /* Assets.xcassets in Resources */ = {isa = PBXBuildFile; fileRef = 442DE19728DE132400E69707 /* Assets.xcassets */; };
		442DE19B28DE132400E69707 /* LaunchScreen.storyboard in Resources */ = {isa = PBXBuildFile; fileRef = 442DE19928DE132400E69707 /* LaunchScreen.storyboard */; };
		442DE1A928DE13B300E69707 /* GitHubActionTestTests.swift in Sources */ = {isa = PBXBuildFile; fileRef = 442DE1A828DE13B300E69707 /* GitHubActionTestTests.swift */; };
/* End PBXBuildFile section */

/* Begin PBXContainerItemProxy section */
		442DE1AA28DE13B300E69707 /* PBXContainerItemProxy */ = {
			isa = PBXContainerItemProxy;
			containerPortal = 442DE18328DE131F00E69707 /* Project object */;
			proxyType = 1;
			remoteGlobalIDString = 442DE18A28DE131F00E69707;
			remoteInfo = GitHubActionTest;
		};
/* End PBXContainerItemProxy section */

/* Begin PBXFileReference section */
		442DE18B28DE131F00E69707 /* GitHubActionTest.app */ = {isa = PBXFileReference; explicitFileType = wrapper.application; includeInIndex = 0; path = GitHubActionTest.app; sourceTree = BUILT_PRODUCTS_DIR; };
		442DE18E28DE131F00E69707 /* AppDelegate.swift */ = {isa = PBXFileReference; lastKnownFileType = sourcecode.swift; path = AppDelegate.swift; sourceTree = "<group>"; };
		442DE19028DE131F00E69707 /* SceneDelegate.swift */ = {isa = PBXFileReference; lastKnownFileType = sourcecode.swift; path = SceneDelegate.swift; sourceTree = "<group>"; };
		442DE19228DE131F00E69707 /* ViewController.swift */ = {isa = PBXFileReference; lastKnownFileType = sourcecode.swift; path = ViewController.swift; sourceTree = "<group>"; };
		442DE19528DE131F00E69707 /* Base */ = {isa = PBXFileReference; lastKnownFileType = file.storyboard; name = Base; path = Base.lproj/Main.storyboard; sourceTree = "<group>"; };
		442DE19728DE132400E69707 /* Assets.xcassets */ = {isa = PBXFileReference; lastKnownFileType = folder.assetcatalog; path = Assets.xcassets; sourceTree = "<group>"; };
		442DE19A28DE132400E69707 /* Base */ = {isa = PBXFileReference; lastKnownFileType = file.storyboard; name = Base; path = Base.lproj/LaunchScreen.storyboard; sourceTree = "<group>"; };
		442DE19C28DE132400E69707 /* Info.plist */ = {isa = PBXFileReference; lastKnownFileType = text.plist.xml; path = Info.plist; sourceTree = "<group>"; };
		442DE1A628DE13B300E69707 /* GitHubActionTestTests.xctest */ = {isa = PBXFileReference; explicitFileType = wrapper.cfbundle; includeInIndex = 0; path = GitHubActionTestTests.xctest; sourceTree = BUILT_PRODUCTS_DIR; };
		442DE1A828DE13B300E69707 /* GitHubActionTestTests.swift */ = {isa = PBXFileReference; lastKnownFileType = sourcecode.swift; path = GitHubActionTestTests.swift; sourceTree = "<group>"; };
/* End PBXFileReference section */

/* Begin PBXFrameworksBuildPhase section */
		442DE18828DE131F00E69707 /* Frameworks */ = {
			isa = PBXFrameworksBuildPhase;
			buildActionMask = 2147483647;
			files = (
			);
			runOnlyForDeploymentPostprocessing = 0;
		};
		442DE1A328DE13B300E69707 /* Frameworks */ = {
			isa = PBXFrameworksBuildPhase;
			buildActionMask = 2147483647;
			files = (
			);
			runOnlyForDeploymentPostprocessing = 0;
		};
/* End PBXFrameworksBuildPhase section */

/* Begin PBXGroup section */
		442DE18228DE131F00E69707 = {
			isa = PBXGroup;
			children = (
				442DE18D28DE131F00E69707 /* GitHubActionTest */,
				442DE1A728DE13B300E69707 /* GitHubActionTestTests */,
				442DE18C28DE131F00E69707 /* Products */,
			);
			sourceTree = "<group>";
		};
		442DE18C28DE131F00E69707 /* Products */ = {
			isa = PBXGroup;
			children = (
				442DE18B28DE131F00E69707 /* GitHubActionTest.app */,
				442DE1A628DE13B300E69707 /* GitHubActionTestTests.xctest */,
			);
			name = Products;
			sourceTree = "<group>";
		};
		442DE18D28DE131F00E69707 /* GitHubActionTest */ = {
			isa = PBXGroup;
			children = (
				442DE18E28DE131F00E69707 /* AppDelegate.swift */,
				442DE19028DE131F00E69707 /* SceneDelegate.swift */,
				442DE19228DE131F00E69707 /* ViewController.swift */,
				442DE19428DE131F00E69707 /* Main.storyboard */,
				442DE19728DE132400E69707 /* Assets.xcassets */,
				442DE19928DE132400E69707 /* LaunchScreen.storyboard */,
				442DE19C28DE132400E69707 /* Info.plist */,
			);
			path = GitHubActionTest;
			sourceTree = "<group>";
		};
		442DE1A728DE13B300E69707 /* GitHubActionTestTests */ = {
			isa = PBXGroup;
			children = (
				442DE1A828DE13B300E69707 /* GitHubActionTestTests.swift */,
			);
			path = GitHubActionTestTests;
			sourceTree = "<group>";
		};
/* End PBXGroup section */

/* Begin PBXNativeTarget section */
		442DE18A28DE131F00E69707 /* GitHubActionTest */ = {
			isa = PBXNativeTarget;
			buildConfigurationList = 442DE19F28DE132400E69707 /* Build configuration list for PBXNativeTarget "GitHubActionTest" */;
			buildPhases = (
				442DE18728DE131F00E69707 /* Sources */,
				442DE18828DE131F00E69707 /* Frameworks */,
				442DE18928DE131F00E69707 /* Resources */,
			);
			buildRules = (
			);
			dependencies = (
			);
			name = GitHubActionTest;
			productName = GitHubActionTest;
			productReference = 442DE18B28DE131F00E69707 /* GitHubActionTest.app */;
			productType = "com.apple.product-type.application";
		};
		442DE1A528DE13B300E69707 /* GitHubActionTestTests */ = {
			isa = PBXNativeTarget;
			buildConfigurationList = 442DE1AC28DE13B300E69707 /* Build configuration list for PBXNativeTarget "GitHubActionTestTests" */;
			buildPhases = (
				442DE1A228DE13B300E69707 /* Sources */,
				442DE1A328DE13B300E69707 /* Frameworks */,
				442DE1A428DE13B300E69707 /* Resources */,
			);
			buildRules = (
			);
			dependencies = (
				442DE1AB28DE13B300E69707 /* PBXTargetDependency */,
			);
			name = GitHubActionTestTests;
			productName = GitHubActionTestTests;
			productReference = 442DE1A628DE13B300E69707 /* GitHubActionTestTests.xctest */;
			productType = "com.apple.product-type.bundle.unit-test";
		};
/* End PBXNativeTarget section */

/* Begin PBXProject section */
		442DE18328DE131F00E69707 /* Project object */ = {
			isa = PBXProject;
			attributes = {
				BuildIndependentTargetsInParallel = 1;
				LastSwiftUpdateCheck = 1400;
				LastUpgradeCheck = 1400;
				TargetAttributes = {
					442DE18A28DE131F00E69707 = {
						CreatedOnToolsVersion = 14.0;
					};
					442DE1A528DE13B300E69707 = {
						CreatedOnToolsVersion = 14.0;
						TestTargetID = 442DE18A28DE131F00E69707;
					};
				};
			};
			buildConfigurationList = 442DE18628DE131F00E69707 /* Build configuration list for PBXProject "GitHubActionTest" */;
			compatibilityVersion = "Xcode 14.0";
			developmentRegion = en;
			hasScannedForEncodings = 0;
			knownRegions = (
				en,
				Base,
			);
			mainGroup = 442DE18228DE131F00E69707;
			productRefGroup = 442DE18C28DE131F00E69707 /* Products */;
			projectDirPath = "";
			projectRoot = "";
			targets = (
				442DE18A28DE131F00E69707 /* GitHubActionTest */,
				442DE1A528DE13B300E69707 /* GitHubActionTestTests */,
			);
		};
/* End PBXProject section */

/* Begin PBXResourcesBuildPhase section */
		442DE18928DE131F00E69707 /* Resources */ = {
			isa = PBXResourcesBuildPhase;
			buildActionMask = 2147483647;
			files = (
				442DE19B28DE132400E69707 /* LaunchScreen.storyboard in Resources */,
				442DE19828DE132400E69707 /* Assets.xcassets in Resources */,
				442DE19628DE131F00E69707 /* Main.storyboard in Resources */,
			);
			runOnlyForDeploymentPostprocessing = 0;
		};
		442DE1A428DE13B300E69707 /* Resources */ = {
			isa = PBXResourcesBuildPhase;
			buildActionMask = 2147483647;
			files = (
			);
			runOnlyForDeploymentPostprocessing = 0;
		};
/* End PBXResourcesBuildPhase section */

/* Begin PBXSourcesBuildPhase section */
		442DE18728DE131F00E69707 /* Sources */ = {
			isa = PBXSourcesBuildPhase;
			buildActionMask = 2147483647;
			files = (
				442DE19328DE131F00E69707 /* ViewController.swift in Sources */,
				442DE18F28DE131F00E69707 /* AppDelegate.swift in Sources */,
				442DE19128DE131F00E69707 /* SceneDelegate.swift in Sources */,
			);
			runOnlyForDeploymentPostprocessing = 0;
		};
		442DE1A228DE13B300E69707 /* Sources */ = {
			isa = PBXSourcesBuildPhase;
			buildActionMask = 2147483647;
			files = (
				442DE1A928DE13B300E69707 /* GitHubActionTestTests.swift in Sources */,
			);
			runOnlyForDeploymentPostprocessing = 0;
		};
/* End PBXSourcesBuildPhase section */

/* Begin PBXTargetDependency section */
		442DE1AB28DE13B300E69707 /* PBXTargetDependency */ = {
			isa = PBXTargetDependency;
			target = 442DE18A28DE131F00E69707 /* GitHubActionTest */;
			targetProxy = 442DE1AA28DE13B300E69707 /* PBXContainerItemProxy */;
		};
/* End PBXTargetDependency section */

/* Begin PBXVariantGroup section */
		442DE19428DE131F00E69707 /* Main.storyboard */ = {
			isa = PBXVariantGroup;
			children = (
				442DE19528DE131F00E69707 /* Base */,
			);
			name = Main.storyboard;
			sourceTree = "<group>";
		};
		442DE19928DE132400E69707 /* LaunchScreen.storyboard */ = {
			isa = PBXVariantGroup;
			children = (
				442DE19A28DE132400E69707 /* Base */,
			);
			name = LaunchScreen.storyboard;
			sourceTree = "<group>";
		};
/* End PBXVariantGroup section */

/* Begin XCBuildConfiguration section */
		442DE19D28DE132400E69707 /* Debug */ = {
			isa = XCBuildConfiguration;
			buildSettings = {
				ALWAYS_SEARCH_USER_PATHS = NO;
				CLANG_ANALYZER_NONNULL = YES;
				CLANG_ANALYZER_NUMBER_OBJECT_CONVERSION = YES_AGGRESSIVE;
				CLANG_CXX_LANGUAGE_STANDARD = "gnu++20";
				CLANG_ENABLE_MODULES = YES;
				CLANG_ENABLE_OBJC_ARC = YES;
				CLANG_ENABLE_OBJC_WEAK = YES;
				CLANG_WARN_BLOCK_CAPTURE_AUTORELEASING = YES;
				CLANG_WARN_BOOL_CONVERSION = YES;
				CLANG_WARN_COMMA = YES;
				CLANG_WARN_CONSTANT_CONVERSION = YES;
				CLANG_WARN_DEPRECATED_OBJC_IMPLEMENTATIONS = YES;
				CLANG_WARN_DIRECT_OBJC_ISA_USAGE = YES_ERROR;
				CLANG_WARN_DOCUMENTATION_COMMENTS = YES;
				CLANG_WARN_EMPTY_BODY = YES;
				CLANG_WARN_ENUM_CONVERSION = YES;
				CLANG_WARN_INFINITE_RECURSION = YES;
				CLANG_WARN_INT_CONVERSION = YES;
				CLANG_WARN_NON_LITERAL_NULL_CONVERSION = YES;
				CLANG_WARN_OBJC_IMPLICIT_RETAIN_SELF = YES;
				CLANG_WARN_OBJC_LITERAL_CONVERSION = YES;
				CLANG_WARN_OBJC_ROOT_CLASS = YES_ERROR;
				CLANG_WARN_QUOTED_INCLUDE_IN_FRAMEWORK_HEADER = YES;
				CLANG_WARN_RANGE_LOOP_ANALYSIS = YES;
				CLANG_WARN_STRICT_PROTOTYPES = YES;
				CLANG_WARN_SUSPICIOUS_MOVE = YES;
				CLANG_WARN_UNGUARDED_AVAILABILITY = YES_AGGRESSIVE;
				CLANG_WARN_UNREACHABLE_CODE = YES;
				CLANG_WARN__DUPLICATE_METHOD_MATCH = YES;
				COPY_PHASE_STRIP = NO;
				DEBUG_INFORMATION_FORMAT = dwarf;
				ENABLE_STRICT_OBJC_MSGSEND = YES;
				ENABLE_TESTABILITY = YES;
				GCC_C_LANGUAGE_STANDARD = gnu11;
				GCC_DYNAMIC_NO_PIC = NO;
				GCC_NO_COMMON_BLOCKS = YES;
				GCC_OPTIMIZATION_LEVEL = 0;
				GCC_PREPROCESSOR_DEFINITIONS = (
					"DEBUG=1",
					"$(inherited)",
				);
				GCC_WARN_64_TO_32_BIT_CONVERSION = YES;
				GCC_WARN_ABOUT_RETURN_TYPE = YES_ERROR;
				GCC_WARN_UNDECLARED_SELECTOR = YES;
				GCC_WARN_UNINITIALIZED_AUTOS = YES_AGGRESSIVE;
				GCC_WARN_UNUSED_FUNCTION = YES;
				GCC_WARN_UNUSED_VARIABLE = YES;
				IPHONEOS_DEPLOYMENT_TARGET = 16.0;
				MTL_ENABLE_DEBUG_INFO = INCLUDE_SOURCE;
				MTL_FAST_MATH = YES;
				ONLY_ACTIVE_ARCH = YES;
				SDKROOT = iphoneos;
				SWIFT_ACTIVE_COMPILATION_CONDITIONS = DEBUG;
				SWIFT_OPTIMIZATION_LEVEL = "-Onone";
			};
			name = Debug;
		};
		442DE19E28DE132400E69707 /* Release */ = {
			isa = XCBuildConfiguration;
			buildSettings = {
				ALWAYS_SEARCH_USER_PATHS = NO;
				CLANG_ANALYZER_NONNULL = YES;
				CLANG_ANALYZER_NUMBER_OBJECT_CONVERSION = YES_AGGRESSIVE;
				CLANG_CXX_LANGUAGE_STANDARD = "gnu++20";
				CLANG_ENABLE_MODULES = YES;
				CLANG_ENABLE_OBJC_ARC = YES;
				CLANG_ENABLE_OBJC_WEAK = YES;
				CLANG_WARN_BLOCK_CAPTURE_AUTORELEASING = YES;
				CLANG_WARN_BOOL_CONVERSION = YES;
				CLANG_WARN_COMMA = YES;
				CLANG_WARN_CONSTANT_CONVERSION = YES;
				CLANG_WARN_DEPRECATED_OBJC_IMPLEMENTATIONS = YES;
				CLANG_WARN_DIRECT_OBJC_ISA_USAGE = YES_ERROR;
				CLANG_WARN_DOCUMENTATION_COMMENTS = YES;
				CLANG_WARN_EMPTY_BODY = YES;
				CLANG_WARN_ENUM_CONVERSION = YES;
				CLANG_WARN_INFINITE_RECURSION = YES;
				CLANG_WARN_INT_CONVERSION = YES;
				CLANG_WARN_NON_LITERAL_NULL_CONVERSION = YES;
				CLANG_WARN_OBJC_IMPLICIT_RETAIN_SELF = YES;
				CLANG_WARN_OBJC_LITERAL_CONVERSION = YES;
				CLANG_WARN_OBJC_ROOT_CLASS = YES_ERROR;
				CLANG_WARN_QUOTED_INCLUDE_IN_FRAMEWORK_HEADER = YES;
				CLANG_WARN_RANGE_LOOP_ANALYSIS = YES;
				CLANG_WARN_STRICT_PROTOTYPES = YES;
				CLANG_WARN_SUSPICIOUS_MOVE = YES;
				CLANG_WARN_UNGUARDED_AVAILABILITY = YES_AGGRESSIVE;
				CLANG_WARN_UNREACHABLE_CODE = YES;
				CLANG_WARN__DUPLICATE_METHOD_MATCH = YES;
				COPY_PHASE_STRIP = NO;
				DEBUG_INFORMATION_FORMAT = "dwarf-with-dsym";
				ENABLE_NS_ASSERTIONS = NO;
				ENABLE_STRICT_OBJC_MSGSEND = YES;
				GCC_C_LANGUAGE_STANDARD = gnu11;
				GCC_NO_COMMON_BLOCKS = YES;
				GCC_WARN_64_TO_32_BIT_CONVERSION = YES;
				GCC_WARN_ABOUT_RETURN_TYPE = YES_ERROR;
				GCC_WARN_UNDECLARED_SELECTOR = YES;
				GCC_WARN_UNINITIALIZED_AUTOS = YES_AGGRESSIVE;
				GCC_WARN_UNUSED_FUNCTION = YES;
				GCC_WARN_UNUSED_VARIABLE = YES;
				IPHONEOS_DEPLOYMENT_TARGET = 16.0;
				MTL_ENABLE_DEBUG_INFO = NO;
				MTL_FAST_MATH = YES;
				SDKROOT = iphoneos;
				SWIFT_COMPILATION_MODE = wholemodule;
				SWIFT_OPTIMIZATION_LEVEL = "-O";
				VALIDATE_PRODUCT = YES;
			};
			name = Release;
		};
		442DE1A028DE132400E69707 /* Debug */ = {
			isa = XCBuildConfiguration;
			buildSettings = {
				ASSETCATALOG_COMPILER_APPICON_NAME = AppIcon;
				ASSETCATALOG_COMPILER_GLOBAL_ACCENT_COLOR_NAME = AccentColor;
				CODE_SIGN_STYLE = Automatic;
				CURRENT_PROJECT_VERSION = 1;
				DEVELOPMENT_TEAM = 37CRZBHS68;
				GENERATE_INFOPLIST_FILE = YES;
				INFOPLIST_FILE = GitHubActionTest/Info.plist;
				INFOPLIST_KEY_UIApplicationSupportsIndirectInputEvents = YES;
				INFOPLIST_KEY_UILaunchStoryboardName = LaunchScreen;
				INFOPLIST_KEY_UIMainStoryboardFile = Main;
				INFOPLIST_KEY_UISupportedInterfaceOrientations_iPad = "UIInterfaceOrientationPortrait UIInterfaceOrientationPortraitUpsideDown UIInterfaceOrientationLandscapeLeft UIInterfaceOrientationLandscapeRight";
				INFOPLIST_KEY_UISupportedInterfaceOrientations_iPhone = "UIInterfaceOrientationPortrait UIInterfaceOrientationLandscapeLeft UIInterfaceOrientationLandscapeRight";
				IPHONEOS_DEPLOYMENT_TARGET = 13.0;
				LD_RUNPATH_SEARCH_PATHS = (
					"$(inherited)",
					"@executable_path/Frameworks",
				);
				MARKETING_VERSION = 1.0;
				PRODUCT_BUNDLE_IDENTIFIER = youseokhwan.GitHubActionTest;
				PRODUCT_NAME = "$(TARGET_NAME)";
				SUPPORTED_PLATFORMS = "iphoneos iphonesimulator";
				SUPPORTS_MACCATALYST = NO;
				SUPPORTS_MAC_DESIGNED_FOR_IPHONE_IPAD = NO;
				SWIFT_EMIT_LOC_STRINGS = YES;
				SWIFT_VERSION = 5.0;
				TARGETED_DEVICE_FAMILY = 1;
			};
			name = Debug;
		};
		442DE1A128DE132400E69707 /* Release */ = {
			isa = XCBuildConfiguration;
			buildSettings = {
				ASSETCATALOG_COMPILER_APPICON_NAME = AppIcon;
				ASSETCATALOG_COMPILER_GLOBAL_ACCENT_COLOR_NAME = AccentColor;
				CODE_SIGN_STYLE = Automatic;
				CURRENT_PROJECT_VERSION = 1;
				DEVELOPMENT_TEAM = 37CRZBHS68;
				GENERATE_INFOPLIST_FILE = YES;
				INFOPLIST_FILE = GitHubActionTest/Info.plist;
				INFOPLIST_KEY_UIApplicationSupportsIndirectInputEvents = YES;
				INFOPLIST_KEY_UILaunchStoryboardName = LaunchScreen;
				INFOPLIST_KEY_UIMainStoryboardFile = Main;
				INFOPLIST_KEY_UISupportedInterfaceOrientations_iPad = "UIInterfaceOrientationPortrait UIInterfaceOrientationPortraitUpsideDown UIInterfaceOrientationLandscapeLeft UIInterfaceOrientationLandscapeRight";
				INFOPLIST_KEY_UISupportedInterfaceOrientations_iPhone = "UIInterfaceOrientationPortrait UIInterfaceOrientationLandscapeLeft UIInterfaceOrientationLandscapeRight";
				IPHONEOS_DEPLOYMENT_TARGET = 13.0;
				LD_RUNPATH_SEARCH_PATHS = (
					"$(inherited)",
					"@executable_path/Frameworks",
				);
				MARKETING_VERSION = 1.0;
				PRODUCT_BUNDLE_IDENTIFIER = youseokhwan.GitHubActionTest;
				PRODUCT_NAME = "$(TARGET_NAME)";
				SUPPORTED_PLATFORMS = "iphoneos iphonesimulator";
				SUPPORTS_MACCATALYST = NO;
				SUPPORTS_MAC_DESIGNED_FOR_IPHONE_IPAD = NO;
				SWIFT_EMIT_LOC_STRINGS = YES;
				SWIFT_VERSION = 5.0;
				TARGETED_DEVICE_FAMILY = 1;
			};
			name = Release;
		};
		442DE1AD28DE13B300E69707 /* Debug */ = {
			isa = XCBuildConfiguration;
			buildSettings = {
				BUNDLE_LOADER = "$(TEST_HOST)";
				CODE_SIGN_STYLE = Automatic;
				CURRENT_PROJECT_VERSION = 1;
				DEVELOPMENT_TEAM = 37CRZBHS68;
				GENERATE_INFOPLIST_FILE = YES;
				IPHONEOS_DEPLOYMENT_TARGET = 13.0;
				MACOSX_DEPLOYMENT_TARGET = 12.3;
				MARKETING_VERSION = 1.0;
				PRODUCT_BUNDLE_IDENTIFIER = youseokhwan.GitHubActionTestTests;
				PRODUCT_NAME = "$(TARGET_NAME)";
				SDKROOT = macosx12.3;
				SUPPORTED_PLATFORMS = "iphoneos iphonesimulator";
				SUPPORTS_MACCATALYST = NO;
				SUPPORTS_MAC_DESIGNED_FOR_IPHONE_IPAD = NO;
				SWIFT_EMIT_LOC_STRINGS = NO;
				SWIFT_VERSION = 5.0;
				TARGETED_DEVICE_FAMILY = 1;
				TEST_HOST = "$(BUILT_PRODUCTS_DIR)/GitHubActionTest.app/$(BUNDLE_EXECUTABLE_FOLDER_PATH)/GitHubActionTest";
			};
			name = Debug;
		};
		442DE1AE28DE13B300E69707 /* Release */ = {
			isa = XCBuildConfiguration;
			buildSettings = {
				BUNDLE_LOADER = "$(TEST_HOST)";
				CODE_SIGN_STYLE = Automatic;
				CURRENT_PROJECT_VERSION = 1;
				DEVELOPMENT_TEAM = 37CRZBHS68;
				GENERATE_INFOPLIST_FILE = YES;
				IPHONEOS_DEPLOYMENT_TARGET = 13.0;
				MACOSX_DEPLOYMENT_TARGET = 12.3;
				MARKETING_VERSION = 1.0;
				PRODUCT_BUNDLE_IDENTIFIER = youseokhwan.GitHubActionTestTests;
				PRODUCT_NAME = "$(TARGET_NAME)";
				SDKROOT = macosx12.3;
				SUPPORTED_PLATFORMS = "iphoneos iphonesimulator";
				SUPPORTS_MACCATALYST = NO;
				SUPPORTS_MAC_DESIGNED_FOR_IPHONE_IPAD = NO;
				SWIFT_EMIT_LOC_STRINGS = NO;
				SWIFT_VERSION = 5.0;
				TARGETED_DEVICE_FAMILY = 1;
				TEST_HOST = "$(BUILT_PRODUCTS_DIR)/GitHubActionTest.app/$(BUNDLE_EXECUTABLE_FOLDER_PATH)/GitHubActionTest";
			};
			name = Release;
		};
/* End XCBuildConfiguration section */

/* Begin XCConfigurationList section */
		442DE18628DE131F00E69707 /* Build configuration list for PBXProject "GitHubActionTest" */ = {
			isa = XCConfigurationList;
			buildConfigurations = (
				442DE19D28DE132400E69707 /* Debug */,
				442DE19E28DE132400E69707 /* Release */,
			);
			defaultConfigurationIsVisible = 0;
			defaultConfigurationName = Release;
		};
		442DE19F28DE132400E69707 /* Build configuration list for PBXNativeTarget "GitHubActionTest" */ = {
			isa = XCConfigurationList;
			buildConfigurations = (
				442DE1A028DE132400E69707 /* Debug */,
				442DE1A128DE132400E69707 /* Release */,
			);
			defaultConfigurationIsVisible = 0;
			defaultConfigurationName = Release;
		};
		442DE1AC28DE13B300E69707 /* Build configuration list for PBXNativeTarget "GitHubActionTestTests" */ = {
			isa = XCConfigurationList;
			buildConfigurations = (
				442DE1AD28DE13B300E69707 /* Debug */,
				442DE1AE28DE13B300E69707 /* Release */,
			);
			defaultConfigurationIsVisible = 0;
			defaultConfigurationName = Release;
		};
/* End XCConfigurationList section */
	};
	rootObject = 442DE18328DE131F00E69707 /* Project object */;
}
